
Microsoft Visual Studio Solution File, Format Version 12.00
# Visual Studio Version 16
VisualStudioVersion = 16.0.29409.12
MinimumVisualStudioVersion = 10.0.40219.1
Project("{FAE04EC0-301F-11D3-BF4B-00C04F79EFBC}") = "ConsoleApp3", "ConsoleApp3\ConsoleApp3.csproj", "{41EF61BB-A03B-460D-9D99-C77E7BAABE8C}"
EndProject
Global
	GlobalSection(SolutionConfigurationPlatforms) = preSolution
		Debug|Any CPU = Debug|Any CPU
		Release|Any CPU = Release|Any CPU
	EndGlobalSection
	GlobalSection(ProjectConfigurationPlatforms) = postSolution
		{41EF61BB-A03B-460D-9D99-C77E7BAABE8C}.Debug|Any CPU.ActiveCfg = Debug|Any CPU
		{41EF61BB-A03B-460D-9D99-C77E7BAABE8C}.Debug|Any CPU.Build.0 = Debug|Any CPU
		{41EF61BB-A03B-460D-9D99-C77E7BAABE8C}.Release|Any CPU.ActiveCfg = Release|Any CPU
		{41EF61BB-A03B-460D-9D99-C77E7BAABE8C}.Release|Any CPU.Build.0 = Release|Any CPU
	EndGlobalSection
	GlobalSection(SolutionProperties) = preSolution
		HideSolutionNode = FALSE
	EndGlobalSection
	GlobalSection(ExtensibilityGlobals) = postSolution
		SolutionGuid = {31051105-FD0A-4762-A498-F08A48EB7A73}
	EndGlobalSection
EndGlobal
